// !$*UTF8*$!
{
	archiveVersion = 1;
	classes = {
	};
	objectVersion = 56;
	objects = {

/* Begin PBXBuildFile section */
		DF546BC02D133DF9006B2B34 /* PawnhubApp.swift in Sources */ = {isa = PBXBuildFile; fileRef = DF546BBF2D133DF9006B2B34 /* PawnhubApp.swift */; };
		DF546BC22D133DF9006B2B34 /* ContentView.swift in Sources */ = {isa = PBXBuildFile; fileRef = DF546BC12D133DF9006B2B34 /* ContentView.swift */; };
		DF546BC42D133DFB006B2B34 /* Assets.xcassets in Resources */ = {isa = PBXBuildFile; fileRef = DF546BC32D133DFB006B2B34 /* Assets.xcassets */; };
		DF546BC72D133DFB006B2B34 /* Preview Assets.xcassets in Resources */ = {isa = PBXBuildFile; fileRef = DF546BC62D133DFB006B2B34 /* Preview Assets.xcassets */; };
		DF546BCE2D134409006B2B34 /* FetchData.swift in Sources */ = {isa = PBXBuildFile; fileRef = DF546BCD2D134409006B2B34 /* FetchData.swift */; };
		DF546BD22D134540006B2B34 /* WebView.swift in Sources */ = {isa = PBXBuildFile; fileRef = DF546BD12D134540006B2B34 /* WebView.swift */; };
		DF546BD42D1345C7006B2B34 /* WebViewContainer.swift in Sources */ = {isa = PBXBuildFile; fileRef = DF546BD32D1345C7006B2B34 /* WebViewContainer.swift */; };
		DF546BD62D1348EB006B2B34 /* ProfileView.swift in Sources */ = {isa = PBXBuildFile; fileRef = DF546BD52D1348EB006B2B34 /* ProfileView.swift */; };
		DF546BD82D134904006B2B34 /* ViewState.swift in Sources */ = {isa = PBXBuildFile; fileRef = DF546BD72D134904006B2B34 /* ViewState.swift */; };
		DF8D31CA2D28565500DDA5AD /* Constants.swift in Sources */ = {isa = PBXBuildFile; fileRef = DF8D31C92D28565500DDA5AD /* Constants.swift */; };
		DFED162C2D31A11C001D03F5 /* FetchBoard.swift in Sources */ = {isa = PBXBuildFile; fileRef = DFED162B2D31A11C001D03F5 /* FetchBoard.swift */; };
		DFED162E2D31A38D001D03F5 /* LeaderboardView.swift in Sources */ = {isa = PBXBuildFile; fileRef = DFED162D2D31A38D001D03F5 /* LeaderboardView.swift */; };
/* End PBXBuildFile section */

/* Begin PBXFileReference section */
		DF546BBC2D133DF9006B2B34 /* Pawnhub.app */ = {isa = PBXFileReference; explicitFileType = wrapper.application; includeInIndex = 0; path = Pawnhub.app; sourceTree = BUILT_PRODUCTS_DIR; };
		DF546BBF2D133DF9006B2B34 /* PawnhubApp.swift */ = {isa = PBXFileReference; lastKnownFileType = sourcecode.swift; path = PawnhubApp.swift; sourceTree = "<group>"; };
		DF546BC12D133DF9006B2B34 /* ContentView.swift */ = {isa = PBXFileReference; lastKnownFileType = sourcecode.swift; path = ContentView.swift; sourceTree = "<group>"; };
		DF546BC32D133DFB006B2B34 /* Assets.xcassets */ = {isa = PBXFileReference; lastKnownFileType = folder.assetcatalog; path = Assets.xcassets; sourceTree = "<group>"; };
		DF546BC62D133DFB006B2B34 /* Preview Assets.xcassets */ = {isa = PBXFileReference; lastKnownFileType = folder.assetcatalog; path = "Preview Assets.xcassets"; sourceTree = "<group>"; };
		DF546BCD2D134409006B2B34 /* FetchData.swift */ = {isa = PBXFileReference; lastKnownFileType = sourcecode.swift; path = FetchData.swift; sourceTree = "<group>"; };
		DF546BD12D134540006B2B34 /* WebView.swift */ = {isa = PBXFileReference; lastKnownFileType = sourcecode.swift; path = WebView.swift; sourceTree = "<group>"; };
		DF546BD32D1345C7006B2B34 /* WebViewContainer.swift */ = {isa = PBXFileReference; lastKnownFileType = sourcecode.swift; path = WebViewContainer.swift; sourceTree = "<group>"; };
		DF546BD52D1348EB006B2B34 /* ProfileView.swift */ = {isa = PBXFileReference; lastKnownFileType = sourcecode.swift; path = ProfileView.swift; sourceTree = "<group>"; };
		DF546BD72D134904006B2B34 /* ViewState.swift */ = {isa = PBXFileReference; lastKnownFileType = sourcecode.swift; path = ViewState.swift; sourceTree = "<group>"; };
		DF8D31C92D28565500DDA5AD /* Constants.swift */ = {isa = PBXFileReference; lastKnownFileType = sourcecode.swift; path = Constants.swift; sourceTree = "<group>"; };
		DFED162B2D31A11C001D03F5 /* FetchBoard.swift */ = {isa = PBXFileReference; lastKnownFileType = sourcecode.swift; path = FetchBoard.swift; sourceTree = "<group>"; };
		DFED162D2D31A38D001D03F5 /* LeaderboardView.swift */ = {isa = PBXFileReference; lastKnownFileType = sourcecode.swift; path = LeaderboardView.swift; sourceTree = "<group>"; };
/* End PBXFileReference section */

/* Begin PBXFrameworksBuildPhase section */
		DF546BB92D133DF9006B2B34 /* Frameworks */ = {
			isa = PBXFrameworksBuildPhase;
			buildActionMask = 2147483647;
			files = (
			);
			runOnlyForDeploymentPostprocessing = 0;
		};
/* End PBXFrameworksBuildPhase section */

/* Begin PBXGroup section */
		DF546BB32D133DF9006B2B34 = {
			isa = PBXGroup;
			children = (
				DF546BBE2D133DF9006B2B34 /* Pawnhub */,
				DF546BBD2D133DF9006B2B34 /* Products */,
			);
			sourceTree = "<group>";
		};
		DF546BBD2D133DF9006B2B34 /* Products */ = {
			isa = PBXGroup;
			children = (
				DF546BBC2D133DF9006B2B34 /* Pawnhub.app */,
			);
			name = Products;
			sourceTree = "<group>";
		};
		DF546BBE2D133DF9006B2B34 /* Pawnhub */ = {
			isa = PBXGroup;
			children = (
				DF546BBF2D133DF9006B2B34 /* PawnhubApp.swift */,
				DF546BC12D133DF9006B2B34 /* ContentView.swift */,
				DF546BDA2D134996006B2B34 /* Views */,
				DF546BD92D13497F006B2B34 /* Models */,
				DF546BC32D133DFB006B2B34 /* Assets.xcassets */,
				DF546BC52D133DFB006B2B34 /* Preview Content */,
			);
			path = Pawnhub;
			sourceTree = "<group>";
		};
		DF546BC52D133DFB006B2B34 /* Preview Content */ = {
			isa = PBXGroup;
			children = (
				DF546BC62D133DFB006B2B34 /* Preview Assets.xcassets */,
			);
			path = "Preview Content";
			sourceTree = "<group>";
		};
		DF546BD92D13497F006B2B34 /* Models */ = {
			isa = PBXGroup;
			children = (
				DFED162B2D31A11C001D03F5 /* FetchBoard.swift */,
				DF546BCD2D134409006B2B34 /* FetchData.swift */,
				DF546BD72D134904006B2B34 /* ViewState.swift */,
				DF8D31C92D28565500DDA5AD /* Constants.swift */,
			);
			path = Models;
			sourceTree = "<group>";
		};
		DF546BDA2D134996006B2B34 /* Views */ = {
			isa = PBXGroup;
			children = (
				DF546BD12D134540006B2B34 /* WebView.swift */,
				DF546BD32D1345C7006B2B34 /* WebViewContainer.swift */,
				DF546BD52D1348EB006B2B34 /* ProfileView.swift */,
				DFED162D2D31A38D001D03F5 /* LeaderboardView.swift */,
			);
			path = Views;
			sourceTree = "<group>";
		};
/* End PBXGroup section */

/* Begin PBXNativeTarget section */
		DF546BBB2D133DF9006B2B34 /* Pawnhub */ = {
			isa = PBXNativeTarget;
			buildConfigurationList = DF546BCA2D133DFB006B2B34 /* Build configuration list for PBXNativeTarget "Pawnhub" */;
			buildPhases = (
				DF546BB82D133DF9006B2B34 /* Sources */,
				DF546BB92D133DF9006B2B34 /* Frameworks */,
				DF546BBA2D133DF9006B2B34 /* Resources */,
			);
			buildRules = (
			);
			dependencies = (
			);
			name = Pawnhub;
			productName = Pawnhub;
			productReference = DF546BBC2D133DF9006B2B34 /* Pawnhub.app */;
			productType = "com.apple.product-type.application";
		};
/* End PBXNativeTarget section */

/* Begin PBXProject section */
		DF546BB42D133DF9006B2B34 /* Project object */ = {
			isa = PBXProject;
			attributes = {
				BuildIndependentTargetsInParallel = 1;
				LastSwiftUpdateCheck = 1540;
				LastUpgradeCheck = 1540;
				TargetAttributes = {
					DF546BBB2D133DF9006B2B34 = {
						CreatedOnToolsVersion = 15.4;
					};
				};
			};
			buildConfigurationList = DF546BB72D133DF9006B2B34 /* Build configuration list for PBXProject "Pawnhub" */;
			compatibilityVersion = "Xcode 14.0";
			developmentRegion = en;
			hasScannedForEncodings = 0;
			knownRegions = (
				en,
				Base,
			);
			mainGroup = DF546BB32D133DF9006B2B34;
			productRefGroup = DF546BBD2D133DF9006B2B34 /* Products */;
			projectDirPath = "";
			projectRoot = "";
			targets = (
				DF546BBB2D133DF9006B2B34 /* Pawnhub */,
			);
		};
/* End PBXProject section */

/* Begin PBXResourcesBuildPhase section */
		DF546BBA2D133DF9006B2B34 /* Resources */ = {
			isa = PBXResourcesBuildPhase;
			buildActionMask = 2147483647;
			files = (
				DF546BC72D133DFB006B2B34 /* Preview Assets.xcassets in Resources */,
				DF546BC42D133DFB006B2B34 /* Assets.xcassets in Resources */,
			);
			runOnlyForDeploymentPostprocessing = 0;
		};
/* End PBXResourcesBuildPhase section */

/* Begin PBXSourcesBuildPhase section */
		DF546BB82D133DF9006B2B34 /* Sources */ = {
			isa = PBXSourcesBuildPhase;
			buildActionMask = 2147483647;
			files = (
				DFED162E2D31A38D001D03F5 /* LeaderboardView.swift in Sources */,
				DF546BC22D133DF9006B2B34 /* ContentView.swift in Sources */,
				DFED162C2D31A11C001D03F5 /* FetchBoard.swift in Sources */,
				DF546BD82D134904006B2B34 /* ViewState.swift in Sources */,
				DF546BD42D1345C7006B2B34 /* WebViewContainer.swift in Sources */,
				DF546BD22D134540006B2B34 /* WebView.swift in Sources */,
				DF546BCE2D134409006B2B34 /* FetchData.swift in Sources */,
				DF546BD62D1348EB006B2B34 /* ProfileView.swift in Sources */,
				DF546BC02D133DF9006B2B34 /* PawnhubApp.swift in Sources */,
				DF8D31CA2D28565500DDA5AD /* Constants.swift in Sources */,
			);
			runOnlyForDeploymentPostprocessing = 0;
		};
/* End PBXSourcesBuildPhase section */

/* Begin XCBuildConfiguration section */
		DF546BC82D133DFB006B2B34 /* Debug */ = {
			isa = XCBuildConfiguration;
			buildSettings = {
				ALWAYS_SEARCH_USER_PATHS = NO;
				ASSETCATALOG_COMPILER_GENERATE_SWIFT_ASSET_SYMBOL_EXTENSIONS = YES;
				CLANG_ANALYZER_NONNULL = YES;
				CLANG_ANALYZER_NUMBER_OBJECT_CONVERSION = YES_AGGRESSIVE;
				CLANG_CXX_LANGUAGE_STANDARD = "gnu++20";
				CLANG_ENABLE_MODULES = YES;
				CLANG_ENABLE_OBJC_ARC = YES;
				CLANG_ENABLE_OBJC_WEAK = YES;
				CLANG_WARN_BLOCK_CAPTURE_AUTORELEASING = YES;
				CLANG_WARN_BOOL_CONVERSION = YES;
				CLANG_WARN_COMMA = YES;
				CLANG_WARN_CONSTANT_CONVERSION = YES;
				CLANG_WARN_DEPRECATED_OBJC_IMPLEMENTATIONS = YES;
				CLANG_WARN_DIRECT_OBJC_ISA_USAGE = YES_ERROR;
				CLANG_WARN_DOCUMENTATION_COMMENTS = YES;
				CLANG_WARN_EMPTY_BODY = YES;
				CLANG_WARN_ENUM_CONVERSION = YES;
				CLANG_WARN_INFINITE_RECURSION = YES;
				CLANG_WARN_INT_CONVERSION = YES;
				CLANG_WARN_NON_LITERAL_NULL_CONVERSION = YES;
				CLANG_WARN_OBJC_IMPLICIT_RETAIN_SELF = YES;
				CLANG_WARN_OBJC_LITERAL_CONVERSION = YES;
				CLANG_WARN_OBJC_ROOT_CLASS = YES_ERROR;
				CLANG_WARN_QUOTED_INCLUDE_IN_FRAMEWORK_HEADER = YES;
				CLANG_WARN_RANGE_LOOP_ANALYSIS = YES;
				CLANG_WARN_STRICT_PROTOTYPES = YES;
				CLANG_WARN_SUSPICIOUS_MOVE = YES;
				CLANG_WARN_UNGUARDED_AVAILABILITY = YES_AGGRESSIVE;
				CLANG_WARN_UNREACHABLE_CODE = YES;
				CLANG_WARN__DUPLICATE_METHOD_MATCH = YES;
				COPY_PHASE_STRIP = NO;
				DEBUG_INFORMATION_FORMAT = dwarf;
				ENABLE_STRICT_OBJC_MSGSEND = YES;
				ENABLE_TESTABILITY = YES;
				ENABLE_USER_SCRIPT_SANDBOXING = YES;
				GCC_C_LANGUAGE_STANDARD = gnu17;
				GCC_DYNAMIC_NO_PIC = NO;
				GCC_NO_COMMON_BLOCKS = YES;
				GCC_OPTIMIZATION_LEVEL = 0;
				GCC_PREPROCESSOR_DEFINITIONS = (
					"DEBUG=1",
					"$(inherited)",
				);
				GCC_WARN_64_TO_32_BIT_CONVERSION = YES;
				GCC_WARN_ABOUT_RETURN_TYPE = YES_ERROR;
				GCC_WARN_UNDECLARED_SELECTOR = YES;
				GCC_WARN_UNINITIALIZED_AUTOS = YES_AGGRESSIVE;
				GCC_WARN_UNUSED_FUNCTION = YES;
				GCC_WARN_UNUSED_VARIABLE = YES;
				IPHONEOS_DEPLOYMENT_TARGET = 17.5;
				LOCALIZATION_PREFERS_STRING_CATALOGS = YES;
				MTL_ENABLE_DEBUG_INFO = INCLUDE_SOURCE;
				MTL_FAST_MATH = YES;
				ONLY_ACTIVE_ARCH = YES;
				SDKROOT = iphoneos;
				SWIFT_ACTIVE_COMPILATION_CONDITIONS = "DEBUG $(inherited)";
				SWIFT_OPTIMIZATION_LEVEL = "-Onone";
			};
			name = Debug;
		};
		DF546BC92D133DFB006B2B34 /* Release */ = {
			isa = XCBuildConfiguration;
			buildSettings = {
				ALWAYS_SEARCH_USER_PATHS = NO;
				ASSETCATALOG_COMPILER_GENERATE_SWIFT_ASSET_SYMBOL_EXTENSIONS = YES;
				CLANG_ANALYZER_NONNULL = YES;
				CLANG_ANALYZER_NUMBER_OBJECT_CONVERSION = YES_AGGRESSIVE;
				CLANG_CXX_LANGUAGE_STANDARD = "gnu++20";
				CLANG_ENABLE_MODULES = YES;
				CLANG_ENABLE_OBJC_ARC = YES;
				CLANG_ENABLE_OBJC_WEAK = YES;
				CLANG_WARN_BLOCK_CAPTURE_AUTORELEASING = YES;
				CLANG_WARN_BOOL_CONVERSION = YES;
				CLANG_WARN_COMMA = YES;
				CLANG_WARN_CONSTANT_CONVERSION = YES;
				CLANG_WARN_DEPRECATED_OBJC_IMPLEMENTATIONS = YES;
				CLANG_WARN_DIRECT_OBJC_ISA_USAGE = YES_ERROR;
				CLANG_WARN_DOCUMENTATION_COMMENTS = YES;
				CLANG_WARN_EMPTY_BODY = YES;
				CLANG_WARN_ENUM_CONVERSION = YES;
				CLANG_WARN_INFINITE_RECURSION = YES;
				CLANG_WARN_INT_CONVERSION = YES;
				CLANG_WARN_NON_LITERAL_NULL_CONVERSION = YES;
				CLANG_WARN_OBJC_IMPLICIT_RETAIN_SELF = YES;
				CLANG_WARN_OBJC_LITERAL_CONVERSION = YES;
				CLANG_WARN_OBJC_ROOT_CLASS = YES_ERROR;
				CLANG_WARN_QUOTED_INCLUDE_IN_FRAMEWORK_HEADER = YES;
				CLANG_WARN_RANGE_LOOP_ANALYSIS = YES;
				CLANG_WARN_STRICT_PROTOTYPES = YES;
				CLANG_WARN_SUSPICIOUS_MOVE = YES;
				CLANG_WARN_UNGUARDED_AVAILABILITY = YES_AGGRESSIVE;
				CLANG_WARN_UNREACHABLE_CODE = YES;
				CLANG_WARN__DUPLICATE_METHOD_MATCH = YES;
				COPY_PHASE_STRIP = NO;
				DEBUG_INFORMATION_FORMAT = "dwarf-with-dsym";
				ENABLE_NS_ASSERTIONS = NO;
				ENABLE_STRICT_OBJC_MSGSEND = YES;
				ENABLE_USER_SCRIPT_SANDBOXING = YES;
				GCC_C_LANGUAGE_STANDARD = gnu17;
				GCC_NO_COMMON_BLOCKS = YES;
				GCC_WARN_64_TO_32_BIT_CONVERSION = YES;
				GCC_WARN_ABOUT_RETURN_TYPE = YES_ERROR;
				GCC_WARN_UNDECLARED_SELECTOR = YES;
				GCC_WARN_UNINITIALIZED_AUTOS = YES_AGGRESSIVE;
				GCC_WARN_UNUSED_FUNCTION = YES;
				GCC_WARN_UNUSED_VARIABLE = YES;
				IPHONEOS_DEPLOYMENT_TARGET = 17.5;
				LOCALIZATION_PREFERS_STRING_CATALOGS = YES;
				MTL_ENABLE_DEBUG_INFO = NO;
				MTL_FAST_MATH = YES;
				SDKROOT = iphoneos;
				SWIFT_COMPILATION_MODE = wholemodule;
				VALIDATE_PRODUCT = YES;
			};
			name = Release;
		};
		DF546BCB2D133DFB006B2B34 /* Debug */ = {
			isa = XCBuildConfiguration;
			buildSettings = {
				ASSETCATALOG_COMPILER_APPICON_NAME = AppIcon;
				ASSETCATALOG_COMPILER_GLOBAL_ACCENT_COLOR_NAME = AccentColor;
				CODE_SIGN_STYLE = Automatic;
				CURRENT_PROJECT_VERSION = 1;
				DEVELOPMENT_ASSET_PATHS = "\"Pawnhub/Preview Content\"";
				ENABLE_PREVIEWS = YES;
				GENERATE_INFOPLIST_FILE = YES;
				INFOPLIST_KEY_UIApplicationSceneManifest_Generation = YES;
				INFOPLIST_KEY_UIApplicationSupportsIndirectInputEvents = YES;
				INFOPLIST_KEY_UILaunchScreen_Generation = YES;
				INFOPLIST_KEY_UISupportedInterfaceOrientations_iPad = "UIInterfaceOrientationPortrait UIInterfaceOrientationPortraitUpsideDown UIInterfaceOrientationLandscapeLeft UIInterfaceOrientationLandscapeRight";
				INFOPLIST_KEY_UISupportedInterfaceOrientations_iPhone = "UIInterfaceOrientationPortrait UIInterfaceOrientationLandscapeLeft UIInterfaceOrientationLandscapeRight";
				LD_RUNPATH_SEARCH_PATHS = (
					"$(inherited)",
					"@executable_path/Frameworks",
				);
				MARKETING_VERSION = 1.0;
				PRODUCT_BUNDLE_IDENTIFIER = murfz.Pawnhub;
				PRODUCT_NAME = "$(TARGET_NAME)";
				SWIFT_EMIT_LOC_STRINGS = YES;
				SWIFT_VERSION = 5.0;
				TARGETED_DEVICE_FAMILY = "1,2";
			};
			name = Debug;
		};
		DF546BCC2D133DFB006B2B34 /* Release */ = {
			isa = XCBuildConfiguration;
			buildSettings = {
				ASSETCATALOG_COMPILER_APPICON_NAME = AppIcon;
				ASSETCATALOG_COMPILER_GLOBAL_ACCENT_COLOR_NAME = AccentColor;
				CODE_SIGN_STYLE = Automatic;
				CURRENT_PROJECT_VERSION = 1;
				DEVELOPMENT_ASSET_PATHS = "\"Pawnhub/Preview Content\"";
				ENABLE_PREVIEWS = YES;
				GENERATE_INFOPLIST_FILE = YES;
				INFOPLIST_KEY_UIApplicationSceneManifest_Generation = YES;
				INFOPLIST_KEY_UIApplicationSupportsIndirectInputEvents = YES;
				INFOPLIST_KEY_UILaunchScreen_Generation = YES;
				INFOPLIST_KEY_UISupportedInterfaceOrientations_iPad = "UIInterfaceOrientationPortrait UIInterfaceOrientationPortraitUpsideDown UIInterfaceOrientationLandscapeLeft UIInterfaceOrientationLandscapeRight";
				INFOPLIST_KEY_UISupportedInterfaceOrientations_iPhone = "UIInterfaceOrientationPortrait UIInterfaceOrientationLandscapeLeft UIInterfaceOrientationLandscapeRight";
				LD_RUNPATH_SEARCH_PATHS = (
					"$(inherited)",
					"@executable_path/Frameworks",
				);
				MARKETING_VERSION = 1.0;
				PRODUCT_BUNDLE_IDENTIFIER = murfz.Pawnhub;
				PRODUCT_NAME = "$(TARGET_NAME)";
				SWIFT_EMIT_LOC_STRINGS = YES;
				SWIFT_VERSION = 5.0;
				TARGETED_DEVICE_FAMILY = "1,2";
			};
			name = Release;
		};
/* End XCBuildConfiguration section */

/* Begin XCConfigurationList section */
		DF546BB72D133DF9006B2B34 /* Build configuration list for PBXProject "Pawnhub" */ = {
			isa = XCConfigurationList;
			buildConfigurations = (
				DF546BC82D133DFB006B2B34 /* Debug */,
				DF546BC92D133DFB006B2B34 /* Release */,
			);
			defaultConfigurationIsVisible = 0;
			defaultConfigurationName = Release;
		};
		DF546BCA2D133DFB006B2B34 /* Build configuration list for PBXNativeTarget "Pawnhub" */ = {
			isa = XCConfigurationList;
			buildConfigurations = (
				DF546BCB2D133DFB006B2B34 /* Debug */,
				DF546BCC2D133DFB006B2B34 /* Release */,
			);
			defaultConfigurationIsVisible = 0;
			defaultConfigurationName = Release;
		};
/* End XCConfigurationList section */
	};
	rootObject = DF546BB42D133DF9006B2B34 /* Project object */;
}
